{
  "version": 2,
  "dependencies": {
    "net10.0": {
      "Tomlyn": {
        "type": "Direct",
        "requested": "[2.9.0, )",
        "resolved": "2.9.0",
        "contentHash": "gpMEqCwLkIfHZI4PurJDqCFEAHaW2A+Zny73RDE9NK2/p39acmBKzaFEAhpHrUgcah6Nslm8JyxReQPJJRIF+A=="
      },
      "dearstory.catalog": {
        "type": "Project",
        "dependencies": {
          "DearStory.Core": "[1.0.0, )",
          "DearStory.Protocol": "[1.0.0, )",
          "DearStory.Transport.Windows": "[1.0.0, )",
          "ImGui.NET": "[1.91.6.1, )"
        }
      },
      "dearstory.core": {
        "type": "Project",
        "dependencies": {
          "DearStory.Protocol": "[1.0.0, )"
        }
      },
      "dearstory.protocol": {
        "type": "Project"
      },
      "dearstory.transport.windows": {
        "type": "Project"
      },
      "ImGui.NET": {
        "type": "CentralTransitive",
        "requested": "[1.91.6.1, )",
        "resolved": "1.91.6.1",
        "contentHash": "Ph3j8pO6UM28PPJWP+5LEJSPVPkd8ivpVS8tRyY9b0IHn1HDIrMZ2o/FdiXaYW6YhNxMHmbevw6Jcfs+IDKi0Q=="
      }
    }
  }
}