{
  "version": 2,
  "dependencies": {
    "net10.0": {
      "Tomlyn": {
        "type": "Direct",
        "requested": "[2.9.0, )",
        "resolved": "2.9.0",
        "contentHash": "gpMEqCwLkIfHZI4PurJDqCFEAHaW2A+Zny73RDE9NK2/p39acmBKzaFEAhpHrUgcah6Nslm8JyxReQPJJRIF+A=="
      },
      "Microsoft.Win32.SystemEvents": {
        "type": "Transitive",
        "resolved": "10.0.10",
        "contentHash": "IY0lTfC2uVwTizjtGgQ03ViwyXGQ9lMDblzB889/HyguAZJ2J8pRrjPown8h2eJe8WFc8nh+BUEsEPkshzizYQ=="
      },
      "dearstory.capture": {
        "type": "Project",
        "dependencies": {
          "DearStory.Core": "[0.1.0, )",
          "System.Drawing.Common": "[10.0.10, )"
        }
      },
      "dearstory.catalog": {
        "type": "Project",
        "dependencies": {
          "DearStory.Capture": "[0.1.0, )",
          "DearStory.Core": "[0.1.0, )",
          "DearStory.Protocol": "[0.1.0, )",
          "DearStory.Transport.Windows": "[0.1.0, )",
          "ImGui.NET": "[1.91.6.1, )"
        }
      },
      "dearstory.core": {
        "type": "Project",
        "dependencies": {
          "DearStory.Protocol": "[0.1.0, )"
        }
      },
      "dearstory.docs": {
        "type": "Project",
        "dependencies": {
          "DearStory.Core": "[0.1.0, )",
          "Markdig": "[1.3.2, )"
        }
      },
      "dearstory.protocol": {
        "type": "Project"
      },
      "dearstory.transport.windows": {
        "type": "Project",
        "dependencies": {
          "DearStory.Protocol": "[0.1.0, )"
        }
      },
      "ImGui.NET": {
        "type": "CentralTransitive",
        "requested": "[1.91.6.1, )",
        "resolved": "1.91.6.1",
        "contentHash": "Ph3j8pO6UM28PPJWP+5LEJSPVPkd8ivpVS8tRyY9b0IHn1HDIrMZ2o/FdiXaYW6YhNxMHmbevw6Jcfs+IDKi0Q=="
      },
      "Markdig": {
        "type": "CentralTransitive",
        "requested": "[1.3.2, )",
        "resolved": "1.3.2",
        "contentHash": "fZgOC/3CswUrndjDTac70aQpYdtxbW5+5bRumR7vzvI2HJbkmgKisB1c9oT+GA6v0jB/JDR9BLa9FiPzQmaK6A=="
      },
      "System.Drawing.Common": {
        "type": "CentralTransitive",
        "requested": "[10.0.10, )",
        "resolved": "10.0.10",
        "contentHash": "R9q9TI//kGavXWTxvaSS9ERj79s+Vm7V7769zEmRbzdrIOJzAnGw+wWSo/JkaVdQfAAefV2V1bWYKCHF7Zs5oQ==",
        "dependencies": {
          "Microsoft.Win32.SystemEvents": "10.0.10"
        }
      }
    }
  }
}