{
  "version": 2,
  "dependencies": {
    "net10.0": {
      "ImGui.NET": {
        "type": "Direct",
        "requested": "[1.91.6.1, )",
        "resolved": "1.91.6.1",
        "contentHash": "Ph3j8pO6UM28PPJWP+5LEJSPVPkd8ivpVS8tRyY9b0IHn1HDIrMZ2o/FdiXaYW6YhNxMHmbevw6Jcfs+IDKi0Q=="
      },
      "dearstory.core": {
        "type": "Project",
        "dependencies": {
          "DearStory.Protocol": "[0.1.0, )"
        }
      },
      "dearstory.protocol": {
        "type": "Project"
      },
      "dearstory.sdk": {
        "type": "Project",
        "dependencies": {
          "DearStory.Core": "[0.1.0, )"
        }
      },
      "dearstory.transport.windows": {
        "type": "Project",
        "dependencies": {
          "DearStory.Protocol": "[0.1.0, )"
        }
      }
    }
  }
}